
Microsoft Visual Studio Solution File, Format Version 12.00
# Visual Studio Version 16
VisualStudioVersion = 16.0.30503.244
MinimumVisualStudioVersion = 10.0.40219.1
Project("{888888A0-9F3D-457C-B088-3A5042F75D52}") = "Matematicas y ciencia de datos para la toma de decisiones", "Matematicas y ciencia de datos para la toma de decisiones.pyproj", "{A9CC26A4-C87C-4671-9E90-F23DAEEB8E49}"
EndProject
Global
	GlobalSection(SolutionConfigurationPlatforms) = preSolution
		Debug|Any CPU = Debug|Any CPU
		Release|Any CPU = Release|Any CPU
	EndGlobalSection
	GlobalSection(ProjectConfigurationPlatforms) = postSolution
		{A9CC26A4-C87C-4671-9E90-F23DAEEB8E49}.Debug|Any CPU.ActiveCfg = Debug|Any CPU
		{A9CC26A4-C87C-4671-9E90-F23DAEEB8E49}.Release|Any CPU.ActiveCfg = Release|Any CPU
	EndGlobalSection
	GlobalSection(SolutionProperties) = preSolution
		HideSolutionNode = FALSE
	EndGlobalSection
	GlobalSection(ExtensibilityGlobals) = postSolution
		SolutionGuid = {18C91C51-FA59-49F8-BE9B-9B120B43A49B}
	EndGlobalSection
EndGlobal
